// !$*UTF8*$!
{
	archiveVersion = 1;
	classes = {
	};
	objectVersion = 56;
	objects = {

/* Begin PBXBuildFile section */
		CD9475602A4D852D00B88CDC /* IProBonusView in Frameworks */ = {isa = PBXBuildFile; productRef = CD94755F2A4D852D00B88CDC /* IProBonusView */; };
		CDC20FAD2A4C8614009597BF /* AppDelegate.swift in Sources */ = {isa = PBXBuildFile; fileRef = CDC20FAC2A4C8614009597BF /* AppDelegate.swift */; };
		CDC20FAF2A4C8614009597BF /* SceneDelegate.swift in Sources */ = {isa = PBXBuildFile; fileRef = CDC20FAE2A4C8614009597BF /* SceneDelegate.swift */; };
		CDC20FB12A4C8614009597BF /* ViewController.swift in Sources */ = {isa = PBXBuildFile; fileRef = CDC20FB02A4C8614009597BF /* ViewController.swift */; };
		CDC20FB62A4C8615009597BF /* Assets.xcassets in Resources */ = {isa = PBXBuildFile; fileRef = CDC20FB52A4C8615009597BF /* Assets.xcassets */; };
		CDC20FB92A4C8615009597BF /* LaunchScreen.storyboard in Resources */ = {isa = PBXBuildFile; fileRef = CDC20FB72A4C8615009597BF /* LaunchScreen.storyboard */; };
		CDC20FC42A4C864D009597BF /* IProBonusAPI in Frameworks */ = {isa = PBXBuildFile; productRef = CDC20FC32A4C864D009597BF /* IProBonusAPI */; };
		CDC38BC42A4DC7F70046145F /* Config.xcconfig in Resources */ = {isa = PBXBuildFile; fileRef = CDC38BC32A4DC7F70046145F /* Config.xcconfig */; };
/* End PBXBuildFile section */

/* Begin PBXFileReference section */
		CDC20FA92A4C8614009597BF /* IProBonusApp.app */ = {isa = PBXFileReference; explicitFileType = wrapper.application; includeInIndex = 0; path = IProBonusApp.app; sourceTree = BUILT_PRODUCTS_DIR; };
		CDC20FAC2A4C8614009597BF /* AppDelegate.swift */ = {isa = PBXFileReference; lastKnownFileType = sourcecode.swift; path = AppDelegate.swift; sourceTree = "<group>"; };
		CDC20FAE2A4C8614009597BF /* SceneDelegate.swift */ = {isa = PBXFileReference; lastKnownFileType = sourcecode.swift; path = SceneDelegate.swift; sourceTree = "<group>"; };
		CDC20FB02A4C8614009597BF /* ViewController.swift */ = {isa = PBXFileReference; lastKnownFileType = sourcecode.swift; path = ViewController.swift; sourceTree = "<group>"; };
		CDC20FB52A4C8615009597BF /* Assets.xcassets */ = {isa = PBXFileReference; lastKnownFileType = folder.assetcatalog; path = Assets.xcassets; sourceTree = "<group>"; };
		CDC20FB82A4C8615009597BF /* Base */ = {isa = PBXFileReference; lastKnownFileType = file.storyboard; name = Base; path = Base.lproj/LaunchScreen.storyboard; sourceTree = "<group>"; };
		CDC20FBA2A4C8615009597BF /* Info.plist */ = {isa = PBXFileReference; lastKnownFileType = text.plist.xml; path = Info.plist; sourceTree = "<group>"; };
		CDC20FC02A4C8623009597BF /* IProBonusAPI */ = {isa = PBXFileReference; lastKnownFileType = wrapper; path = IProBonusAPI; sourceTree = "<group>"; };
		CDC20FC12A4C863B009597BF /* IProBonusView */ = {isa = PBXFileReference; lastKnownFileType = wrapper; path = IProBonusView; sourceTree = "<group>"; };
		CDC38BC32A4DC7F70046145F /* Config.xcconfig */ = {isa = PBXFileReference; lastKnownFileType = text.xcconfig; path = Config.xcconfig; sourceTree = "<group>"; };
/* End PBXFileReference section */

/* Begin PBXFrameworksBuildPhase section */
		CDC20FA62A4C8614009597BF /* Frameworks */ = {
			isa = PBXFrameworksBuildPhase;
			buildActionMask = 2147483647;
			files = (
				CDC20FC42A4C864D009597BF /* IProBonusAPI in Frameworks */,
				CD9475602A4D852D00B88CDC /* IProBonusView in Frameworks */,
			);
			runOnlyForDeploymentPostprocessing = 0;
		};
/* End PBXFrameworksBuildPhase section */

/* Begin PBXGroup section */
		CDC20FA02A4C8614009597BF = {
			isa = PBXGroup;
			children = (
				CDC20FAB2A4C8614009597BF /* IProBonusApp */,
				CDC20FAA2A4C8614009597BF /* Products */,
				CDC20FC22A4C864D009597BF /* Frameworks */,
			);
			sourceTree = "<group>";
		};
		CDC20FAA2A4C8614009597BF /* Products */ = {
			isa = PBXGroup;
			children = (
				CDC20FA92A4C8614009597BF /* IProBonusApp.app */,
			);
			name = Products;
			sourceTree = "<group>";
		};
		CDC20FAB2A4C8614009597BF /* IProBonusApp */ = {
			isa = PBXGroup;
			children = (
				CDC20FAC2A4C8614009597BF /* AppDelegate.swift */,
				CDC20FAE2A4C8614009597BF /* SceneDelegate.swift */,
				CDC20FB02A4C8614009597BF /* ViewController.swift */,
				CDC20FB52A4C8615009597BF /* Assets.xcassets */,
				CDC20FB72A4C8615009597BF /* LaunchScreen.storyboard */,
				CDC20FBA2A4C8615009597BF /* Info.plist */,
				CDC38BC32A4DC7F70046145F /* Config.xcconfig */,
			);
			path = IProBonusApp;
			sourceTree = "<group>";
		};
		CDC20FC22A4C864D009597BF /* Frameworks */ = {
			isa = PBXGroup;
			children = (
				CDC20FC02A4C8623009597BF /* IProBonusAPI */,
				CDC20FC12A4C863B009597BF /* IProBonusView */,
			);
			name = Frameworks;
			sourceTree = "<group>";
		};
/* End PBXGroup section */

/* Begin PBXNativeTarget section */
		CDC20FA82A4C8614009597BF /* IProBonusApp */ = {
			isa = PBXNativeTarget;
			buildConfigurationList = CDC20FBD2A4C8615009597BF /* Build configuration list for PBXNativeTarget "IProBonusApp" */;
			buildPhases = (
				CDC20FA52A4C8614009597BF /* Sources */,
				CDC20FA62A4C8614009597BF /* Frameworks */,
				CDC20FA72A4C8614009597BF /* Resources */,
			);
			buildRules = (
			);
			dependencies = (
			);
			name = IProBonusApp;
			packageProductDependencies = (
				CDC20FC32A4C864D009597BF /* IProBonusAPI */,
				CD94755F2A4D852D00B88CDC /* IProBonusView */,
			);
			productName = IProBonusApp;
			productReference = CDC20FA92A4C8614009597BF /* IProBonusApp.app */;
			productType = "com.apple.product-type.application";
		};
/* End PBXNativeTarget section */

/* Begin PBXProject section */
		CDC20FA12A4C8614009597BF /* Project object */ = {
			isa = PBXProject;
			attributes = {
				BuildIndependentTargetsInParallel = 1;
				LastSwiftUpdateCheck = 1400;
				LastUpgradeCheck = 1400;
				TargetAttributes = {
					CDC20FA82A4C8614009597BF = {
						CreatedOnToolsVersion = 14.0.1;
					};
				};
			};
			buildConfigurationList = CDC20FA42A4C8614009597BF /* Build configuration list for PBXProject "IProBonusApp" */;
			compatibilityVersion = "Xcode 14.0";
			developmentRegion = en;
			hasScannedForEncodings = 0;
			knownRegions = (
				en,
				Base,
			);
			mainGroup = CDC20FA02A4C8614009597BF;
			productRefGroup = CDC20FAA2A4C8614009597BF /* Products */;
			projectDirPath = "";
			projectRoot = "";
			targets = (
				CDC20FA82A4C8614009597BF /* IProBonusApp */,
			);
		};
/* End PBXProject section */

/* Begin PBXResourcesBuildPhase section */
		CDC20FA72A4C8614009597BF /* Resources */ = {
			isa = PBXResourcesBuildPhase;
			buildActionMask = 2147483647;
			files = (
				CDC20FB92A4C8615009597BF /* LaunchScreen.storyboard in Resources */,
				CDC38BC42A4DC7F70046145F /* Config.xcconfig in Resources */,
				CDC20FB62A4C8615009597BF /* Assets.xcassets in Resources */,
			);
			runOnlyForDeploymentPostprocessing = 0;
		};
/* End PBXResourcesBuildPhase section */

/* Begin PBXSourcesBuildPhase section */
		CDC20FA52A4C8614009597BF /* Sources */ = {
			isa = PBXSourcesBuildPhase;
			buildActionMask = 2147483647;
			files = (
				CDC20FB12A4C8614009597BF /* ViewController.swift in Sources */,
				CDC20FAD2A4C8614009597BF /* AppDelegate.swift in Sources */,
				CDC20FAF2A4C8614009597BF /* SceneDelegate.swift in Sources */,
			);
			runOnlyForDeploymentPostprocessing = 0;
		};
/* End PBXSourcesBuildPhase section */

/* Begin PBXVariantGroup section */
		CDC20FB72A4C8615009597BF /* LaunchScreen.storyboard */ = {
			isa = PBXVariantGroup;
			children = (
				CDC20FB82A4C8615009597BF /* Base */,
			);
			name = LaunchScreen.storyboard;
			sourceTree = "<group>";
		};
/* End PBXVariantGroup section */

/* Begin XCBuildConfiguration section */
		CDC20FBB2A4C8615009597BF /* Debug */ = {
			isa = XCBuildConfiguration;
			buildSettings = {
				ALWAYS_SEARCH_USER_PATHS = NO;
				CLANG_ANALYZER_NONNULL = YES;
				CLANG_ANALYZER_NUMBER_OBJECT_CONVERSION = YES_AGGRESSIVE;
				CLANG_CXX_LANGUAGE_STANDARD = "gnu++20";
				CLANG_ENABLE_MODULES = YES;
				CLANG_ENABLE_OBJC_ARC = YES;
				CLANG_ENABLE_OBJC_WEAK = YES;
				CLANG_WARN_BLOCK_CAPTURE_AUTORELEASING = YES;
				CLANG_WARN_BOOL_CONVERSION = YES;
				CLANG_WARN_COMMA = YES;
				CLANG_WARN_CONSTANT_CONVERSION = YES;
				CLANG_WARN_DEPRECATED_OBJC_IMPLEMENTATIONS = YES;
				CLANG_WARN_DIRECT_OBJC_ISA_USAGE = YES_ERROR;
				CLANG_WARN_DOCUMENTATION_COMMENTS = YES;
				CLANG_WARN_EMPTY_BODY = YES;
				CLANG_WARN_ENUM_CONVERSION = YES;
				CLANG_WARN_INFINITE_RECURSION = YES;
				CLANG_WARN_INT_CONVERSION = YES;
				CLANG_WARN_NON_LITERAL_NULL_CONVERSION = YES;
				CLANG_WARN_OBJC_IMPLICIT_RETAIN_SELF = YES;
				CLANG_WARN_OBJC_LITERAL_CONVERSION = YES;
				CLANG_WARN_OBJC_ROOT_CLASS = YES_ERROR;
				CLANG_WARN_QUOTED_INCLUDE_IN_FRAMEWORK_HEADER = YES;
				CLANG_WARN_RANGE_LOOP_ANALYSIS = YES;
				CLANG_WARN_STRICT_PROTOTYPES = YES;
				CLANG_WARN_SUSPICIOUS_MOVE = YES;
				CLANG_WARN_UNGUARDED_AVAILABILITY = YES_AGGRESSIVE;
				CLANG_WARN_UNREACHABLE_CODE = YES;
				CLANG_WARN__DUPLICATE_METHOD_MATCH = YES;
				COPY_PHASE_STRIP = NO;
				DEBUG_INFORMATION_FORMAT = dwarf;
				ENABLE_STRICT_OBJC_MSGSEND = YES;
				ENABLE_TESTABILITY = YES;
				GCC_C_LANGUAGE_STANDARD = gnu11;
				GCC_DYNAMIC_NO_PIC = NO;
				GCC_NO_COMMON_BLOCKS = YES;
				GCC_OPTIMIZATION_LEVEL = 0;
				GCC_PREPROCESSOR_DEFINITIONS = (
					"DEBUG=1",
					"$(inherited)",
				);
				GCC_WARN_64_TO_32_BIT_CONVERSION = YES;
				GCC_WARN_ABOUT_RETURN_TYPE = YES_ERROR;
				GCC_WARN_UNDECLARED_SELECTOR = YES;
				GCC_WARN_UNINITIALIZED_AUTOS = YES_AGGRESSIVE;
				GCC_WARN_UNUSED_FUNCTION = YES;
				GCC_WARN_UNUSED_VARIABLE = YES;
				IPHONEOS_DEPLOYMENT_TARGET = 16.0;
				MTL_ENABLE_DEBUG_INFO = INCLUDE_SOURCE;
				MTL_FAST_MATH = YES;
				ONLY_ACTIVE_ARCH = YES;
				SDKROOT = iphoneos;
				SWIFT_ACTIVE_COMPILATION_CONDITIONS = DEBUG;
				SWIFT_OPTIMIZATION_LEVEL = "-Onone";
			};
			name = Debug;
		};
		CDC20FBC2A4C8615009597BF /* Release */ = {
			isa = XCBuildConfiguration;
			buildSettings = {
				ALWAYS_SEARCH_USER_PATHS = NO;
				CLANG_ANALYZER_NONNULL = YES;
				CLANG_ANALYZER_NUMBER_OBJECT_CONVERSION = YES_AGGRESSIVE;
				CLANG_CXX_LANGUAGE_STANDARD = "gnu++20";
				CLANG_ENABLE_MODULES = YES;
				CLANG_ENABLE_OBJC_ARC = YES;
				CLANG_ENABLE_OBJC_WEAK = YES;
				CLANG_WARN_BLOCK_CAPTURE_AUTORELEASING = YES;
				CLANG_WARN_BOOL_CONVERSION = YES;
				CLANG_WARN_COMMA = YES;
				CLANG_WARN_CONSTANT_CONVERSION = YES;
				CLANG_WARN_DEPRECATED_OBJC_IMPLEMENTATIONS = YES;
				CLANG_WARN_DIRECT_OBJC_ISA_USAGE = YES_ERROR;
				CLANG_WARN_DOCUMENTATION_COMMENTS = YES;
				CLANG_WARN_EMPTY_BODY = YES;
				CLANG_WARN_ENUM_CONVERSION = YES;
				CLANG_WARN_INFINITE_RECURSION = YES;
				CLANG_WARN_INT_CONVERSION = YES;
				CLANG_WARN_NON_LITERAL_NULL_CONVERSION = YES;
				CLANG_WARN_OBJC_IMPLICIT_RETAIN_SELF = YES;
				CLANG_WARN_OBJC_LITERAL_CONVERSION = YES;
				CLANG_WARN_OBJC_ROOT_CLASS = YES_ERROR;
				CLANG_WARN_QUOTED_INCLUDE_IN_FRAMEWORK_HEADER = YES;
				CLANG_WARN_RANGE_LOOP_ANALYSIS = YES;
				CLANG_WARN_STRICT_PROTOTYPES = YES;
				CLANG_WARN_SUSPICIOUS_MOVE = YES;
				CLANG_WARN_UNGUARDED_AVAILABILITY = YES_AGGRESSIVE;
				CLANG_WARN_UNREACHABLE_CODE = YES;
				CLANG_WARN__DUPLICATE_METHOD_MATCH = YES;
				COPY_PHASE_STRIP = NO;
				DEBUG_INFORMATION_FORMAT = "dwarf-with-dsym";
				ENABLE_NS_ASSERTIONS = NO;
				ENABLE_STRICT_OBJC_MSGSEND = YES;
				GCC_C_LANGUAGE_STANDARD = gnu11;
				GCC_NO_COMMON_BLOCKS = YES;
				GCC_WARN_64_TO_32_BIT_CONVERSION = YES;
				GCC_WARN_ABOUT_RETURN_TYPE = YES_ERROR;
				GCC_WARN_UNDECLARED_SELECTOR = YES;
				GCC_WARN_UNINITIALIZED_AUTOS = YES_AGGRESSIVE;
				GCC_WARN_UNUSED_FUNCTION = YES;
				GCC_WARN_UNUSED_VARIABLE = YES;
				IPHONEOS_DEPLOYMENT_TARGET = 16.0;
				MTL_ENABLE_DEBUG_INFO = NO;
				MTL_FAST_MATH = YES;
				SDKROOT = iphoneos;
				SWIFT_COMPILATION_MODE = wholemodule;
				SWIFT_OPTIMIZATION_LEVEL = "-O";
				VALIDATE_PRODUCT = YES;
			};
			name = Release;
		};
		CDC20FBE2A4C8615009597BF /* Debug */ = {
			isa = XCBuildConfiguration;
			baseConfigurationReference = CDC38BC32A4DC7F70046145F /* Config.xcconfig */;
			buildSettings = {
				ASSETCATALOG_COMPILER_APPICON_NAME = AppIcon;
				ASSETCATALOG_COMPILER_GLOBAL_ACCENT_COLOR_NAME = AccentColor;
				CODE_SIGN_STYLE = Automatic;
				CURRENT_PROJECT_VERSION = 1;
				DEVELOPMENT_TEAM = 5L2PK7Z938;
				GENERATE_INFOPLIST_FILE = YES;
				INFOPLIST_FILE = IProBonusApp/Info.plist;
				INFOPLIST_KEY_UIApplicationSupportsIndirectInputEvents = YES;
				INFOPLIST_KEY_UILaunchStoryboardName = LaunchScreen;
				INFOPLIST_KEY_UIMainStoryboardFile = "";
				INFOPLIST_KEY_UISupportedInterfaceOrientations_iPad = "UIInterfaceOrientationPortrait UIInterfaceOrientationPortraitUpsideDown UIInterfaceOrientationLandscapeLeft UIInterfaceOrientationLandscapeRight";
				INFOPLIST_KEY_UISupportedInterfaceOrientations_iPhone = "UIInterfaceOrientationPortrait UIInterfaceOrientationLandscapeLeft UIInterfaceOrientationLandscapeRight";
				LD_RUNPATH_SEARCH_PATHS = (
					"$(inherited)",
					"@executable_path/Frameworks",
				);
				MARKETING_VERSION = 1.0;
				PRODUCT_BUNDLE_IDENTIFIER = com.panda.IProBonusApp;
				PRODUCT_NAME = "$(TARGET_NAME)";
				SWIFT_EMIT_LOC_STRINGS = YES;
				SWIFT_VERSION = 5.0;
				TARGETED_DEVICE_FAMILY = "1,2";
			};
			name = Debug;
		};
		CDC20FBF2A4C8615009597BF /* Release */ = {
			isa = XCBuildConfiguration;
			baseConfigurationReference = CDC38BC32A4DC7F70046145F /* Config.xcconfig */;
			buildSettings = {
				ASSETCATALOG_COMPILER_APPICON_NAME = AppIcon;
				ASSETCATALOG_COMPILER_GLOBAL_ACCENT_COLOR_NAME = AccentColor;
				CODE_SIGN_STYLE = Automatic;
				CURRENT_PROJECT_VERSION = 1;
				DEVELOPMENT_TEAM = 5L2PK7Z938;
				GENERATE_INFOPLIST_FILE = YES;
				INFOPLIST_FILE = IProBonusApp/Info.plist;
				INFOPLIST_KEY_UIApplicationSupportsIndirectInputEvents = YES;
				INFOPLIST_KEY_UILaunchStoryboardName = LaunchScreen;
				INFOPLIST_KEY_UIMainStoryboardFile = "";
				INFOPLIST_KEY_UISupportedInterfaceOrientations_iPad = "UIInterfaceOrientationPortrait UIInterfaceOrientationPortraitUpsideDown UIInterfaceOrientationLandscapeLeft UIInterfaceOrientationLandscapeRight";
				INFOPLIST_KEY_UISupportedInterfaceOrientations_iPhone = "UIInterfaceOrientationPortrait UIInterfaceOrientationLandscapeLeft UIInterfaceOrientationLandscapeRight";
				LD_RUNPATH_SEARCH_PATHS = (
					"$(inherited)",
					"@executable_path/Frameworks",
				);
				MARKETING_VERSION = 1.0;
				PRODUCT_BUNDLE_IDENTIFIER = com.panda.IProBonusApp;
				PRODUCT_NAME = "$(TARGET_NAME)";
				SWIFT_EMIT_LOC_STRINGS = YES;
				SWIFT_VERSION = 5.0;
				TARGETED_DEVICE_FAMILY = "1,2";
			};
			name = Release;
		};
/* End XCBuildConfiguration section */

/* Begin XCConfigurationList section */
		CDC20FA42A4C8614009597BF /* Build configuration list for PBXProject "IProBonusApp" */ = {
			isa = XCConfigurationList;
			buildConfigurations = (
				CDC20FBB2A4C8615009597BF /* Debug */,
				CDC20FBC2A4C8615009597BF /* Release */,
			);
			defaultConfigurationIsVisible = 0;
			defaultConfigurationName = Release;
		};
		CDC20FBD2A4C8615009597BF /* Build configuration list for PBXNativeTarget "IProBonusApp" */ = {
			isa = XCConfigurationList;
			buildConfigurations = (
				CDC20FBE2A4C8615009597BF /* Debug */,
				CDC20FBF2A4C8615009597BF /* Release */,
			);
			defaultConfigurationIsVisible = 0;
			defaultConfigurationName = Release;
		};
/* End XCConfigurationList section */

/* Begin XCSwiftPackageProductDependency section */
		CD94755F2A4D852D00B88CDC /* IProBonusView */ = {
			isa = XCSwiftPackageProductDependency;
			productName = IProBonusView;
		};
		CDC20FC32A4C864D009597BF /* IProBonusAPI */ = {
			isa = XCSwiftPackageProductDependency;
			productName = IProBonusAPI;
		};
/* End XCSwiftPackageProductDependency section */
	};
	rootObject = CDC20FA12A4C8614009597BF /* Project object */;
}
